// !$*UTF8*$!
{
	archiveVersion = 1;
	classes = {
	};
	objectVersion = 46;
	objects = {

/* Begin PBXBuildFile section */
		8407D4C91E7F67420001FE34 /* AppDelegate.swift in Sources */ = {isa = PBXBuildFile; fileRef = 8407D4C81E7F67420001FE34 /* AppDelegate.swift */; };
		8407D4CB1E7F67420001FE34 /* ViewController.swift in Sources */ = {isa = PBXBuildFile; fileRef = 8407D4CA1E7F67420001FE34 /* ViewController.swift */; };
		8407D4CE1E7F67420001FE34 /* Main.storyboard in Resources */ = {isa = PBXBuildFile; fileRef = 8407D4CC1E7F67420001FE34 /* Main.storyboard */; };
		8407D4D01E7F67420001FE34 /* Assets.xcassets in Resources */ = {isa = PBXBuildFile; fileRef = 8407D4CF1E7F67420001FE34 /* Assets.xcassets */; };
		8407D4D31E7F67420001FE34 /* LaunchScreen.storyboard in Resources */ = {isa = PBXBuildFile; fileRef = 8407D4D11E7F67420001FE34 /* LaunchScreen.storyboard */; };
		8407D4DC1E7F6B930001FE34 /* GSDatePicker.swift in Sources */ = {isa = PBXBuildFile; fileRef = 8407D4DB1E7F6B930001FE34 /* GSDatePicker.swift */; };
/* End PBXBuildFile section */

/* Begin PBXFileReference section */
		8407D4C51E7F67420001FE34 /* GSDatePickerDemo.app */ = {isa = PBXFileReference; explicitFileType = wrapper.application; includeInIndex = 0; path = GSDatePickerDemo.app; sourceTree = BUILT_PRODUCTS_DIR; };
		8407D4C81E7F67420001FE34 /* AppDelegate.swift */ = {isa = PBXFileReference; lastKnownFileType = sourcecode.swift; path = AppDelegate.swift; sourceTree = "<group>"; };
		8407D4CA1E7F67420001FE34 /* ViewController.swift */ = {isa = PBXFileReference; lastKnownFileType = sourcecode.swift; path = ViewController.swift; sourceTree = "<group>"; };
		8407D4CD1E7F67420001FE34 /* Base */ = {isa = PBXFileReference; lastKnownFileType = file.storyboard; name = Base; path = Base.lproj/Main.storyboard; sourceTree = "<group>"; };
		8407D4CF1E7F67420001FE34 /* Assets.xcassets */ = {isa = PBXFileReference; lastKnownFileType = folder.assetcatalog; path = Assets.xcassets; sourceTree = "<group>"; };
		8407D4D21E7F67420001FE34 /* Base */ = {isa = PBXFileReference; lastKnownFileType = file.storyboard; name = Base; path = Base.lproj/LaunchScreen.storyboard; sourceTree = "<group>"; };
		8407D4D41E7F67420001FE34 /* Info.plist */ = {isa = PBXFileReference; lastKnownFileType = text.plist.xml; path = Info.plist; sourceTree = "<group>"; };
		8407D4DB1E7F6B930001FE34 /* GSDatePicker.swift */ = {isa = PBXFileReference; fileEncoding = 4; lastKnownFileType = sourcecode.swift; path = GSDatePicker.swift; sourceTree = "<group>"; };
/* End PBXFileReference section */

/* Begin PBXFrameworksBuildPhase section */
		8407D4C21E7F67410001FE34 /* Frameworks */ = {
			isa = PBXFrameworksBuildPhase;
			buildActionMask = 2147483647;
			files = (
			);
			runOnlyForDeploymentPostprocessing = 0;
		};
/* End PBXFrameworksBuildPhase section */

/* Begin PBXGroup section */
		8407D4BC1E7F67410001FE34 = {
			isa = PBXGroup;
			children = (
				8407D4DA1E7F67720001FE34 /* GSDatePicker */,
				8407D4C71E7F67420001FE34 /* GSDatePickerDemo */,
				8407D4C61E7F67420001FE34 /* Products */,
			);
			sourceTree = "<group>";
		};
		8407D4C61E7F67420001FE34 /* Products */ = {
			isa = PBXGroup;
			children = (
				8407D4C51E7F67420001FE34 /* GSDatePickerDemo.app */,
			);
			name = Products;
			sourceTree = "<group>";
		};
		8407D4C71E7F67420001FE34 /* GSDatePickerDemo */ = {
			isa = PBXGroup;
			children = (
				8407D4C81E7F67420001FE34 /* AppDelegate.swift */,
				8407D4CA1E7F67420001FE34 /* ViewController.swift */,
				8407D4CC1E7F67420001FE34 /* Main.storyboard */,
				8407D4CF1E7F67420001FE34 /* Assets.xcassets */,
				8407D4D11E7F67420001FE34 /* LaunchScreen.storyboard */,
				8407D4D41E7F67420001FE34 /* Info.plist */,
			);
			path = GSDatePickerDemo;
			sourceTree = "<group>";
		};
		8407D4DA1E7F67720001FE34 /* GSDatePicker */ = {
			isa = PBXGroup;
			children = (
				8407D4DB1E7F6B930001FE34 /* GSDatePicker.swift */,
			);
			name = GSDatePicker;
			path = ../GSDatePicker;
			sourceTree = "<group>";
		};
/* End PBXGroup section */

/* Begin PBXNativeTarget section */
		8407D4C41E7F67410001FE34 /* GSDatePickerDemo */ = {
			isa = PBXNativeTarget;
			buildConfigurationList = 8407D4D71E7F67420001FE34 /* Build configuration list for PBXNativeTarget "GSDatePickerDemo" */;
			buildPhases = (
				8407D4C11E7F67410001FE34 /* Sources */,
				8407D4C21E7F67410001FE34 /* Frameworks */,
				8407D4C31E7F67410001FE34 /* Resources */,
			);
			buildRules = (
			);
			dependencies = (
			);
			name = GSDatePickerDemo;
			productName = GSDatePickerDemo;
			productReference = 8407D4C51E7F67420001FE34 /* GSDatePickerDemo.app */;
			productType = "com.apple.product-type.application";
		};
/* End PBXNativeTarget section */

/* Begin PBXProject section */
		8407D4BD1E7F67410001FE34 /* Project object */ = {
			isa = PBXProject;
			attributes = {
				LastSwiftUpdateCheck = 0820;
				LastUpgradeCheck = 0820;
				ORGANIZATIONNAME = GaoXinYuan;
				TargetAttributes = {
					8407D4C41E7F67410001FE34 = {
						CreatedOnToolsVersion = 8.2.1;
						DevelopmentTeam = ML78DUX4A6;
						ProvisioningStyle = Automatic;
					};
				};
			};
			buildConfigurationList = 8407D4C01E7F67410001FE34 /* Build configuration list for PBXProject "GSDatePickerDemo" */;
			compatibilityVersion = "Xcode 3.2";
			developmentRegion = English;
			hasScannedForEncodings = 0;
			knownRegions = (
				en,
				Base,
			);
			mainGroup = 8407D4BC1E7F67410001FE34;
			productRefGroup = 8407D4C61E7F67420001FE34 /* Products */;
			projectDirPath = "";
			projectRoot = "";
			targets = (
				8407D4C41E7F67410001FE34 /* GSDatePickerDemo */,
			);
		};
/* End PBXProject section */

/* Begin PBXResourcesBuildPhase section */
		8407D4C31E7F67410001FE34 /* Resources */ = {
			isa = PBXResourcesBuildPhase;
			buildActionMask = 2147483647;
			files = (
				8407D4D31E7F67420001FE34 /* LaunchScreen.storyboard in Resources */,
				8407D4D01E7F67420001FE34 /* Assets.xcassets in Resources */,
				8407D4CE1E7F67420001FE34 /* Main.storyboard in Resources */,
			);
			runOnlyForDeploymentPostprocessing = 0;
		};
/* End PBXResourcesBuildPhase section */

/* Begin PBXSourcesBuildPhase section */
		8407D4C11E7F67410001FE34 /* Sources */ = {
			isa = PBXSourcesBuildPhase;
			buildActionMask = 2147483647;
			files = (
				8407D4DC1E7F6B930001FE34 /* GSDatePicker.swift in Sources */,
				8407D4CB1E7F67420001FE34 /* ViewController.swift in Sources */,
				8407D4C91E7F67420001FE34 /* AppDelegate.swift in Sources */,
			);
			runOnlyForDeploymentPostprocessing = 0;
		};
/* End PBXSourcesBuildPhase section */

/* Begin PBXVariantGroup section */
		8407D4CC1E7F67420001FE34 /* Main.storyboard */ = {
			isa = PBXVariantGroup;
			children = (
				8407D4CD1E7F67420001FE34 /* Base */,
			);
			name = Main.storyboard;
			sourceTree = "<group>";
		};
		8407D4D11E7F67420001FE34 /* LaunchScreen.storyboard */ = {
			isa = PBXVariantGroup;
			children = (
				8407D4D21E7F67420001FE34 /* Base */,
			);
			name = LaunchScreen.storyboard;
			sourceTree = "<group>";
		};
/* End PBXVariantGroup section */

/* Begin XCBuildConfiguration section */
		8407D4D51E7F67420001FE34 /* Debug */ = {
			isa = XCBuildConfiguration;
			buildSettings = {
				ALWAYS_SEARCH_USER_PATHS = NO;
				CLANG_ANALYZER_NONNULL = YES;
				CLANG_CXX_LANGUAGE_STANDARD = "gnu++0x";
				CLANG_CXX_LIBRARY = "libc++";
				CLANG_ENABLE_MODULES = YES;
				CLANG_ENABLE_OBJC_ARC = YES;
				CLANG_WARN_BOOL_CONVERSION = YES;
				CLANG_WARN_CONSTANT_CONVERSION = YES;
				CLANG_WARN_DIRECT_OBJC_ISA_USAGE = YES_ERROR;
				CLANG_WARN_DOCUMENTATION_COMMENTS = YES;
				CLANG_WARN_EMPTY_BODY = YES;
				CLANG_WARN_ENUM_CONVERSION = YES;
				CLANG_WARN_INFINITE_RECURSION = YES;
				CLANG_WARN_INT_CONVERSION = YES;
				CLANG_WARN_OBJC_ROOT_CLASS = YES_ERROR;
				CLANG_WARN_SUSPICIOUS_MOVE = YES;
				CLANG_WARN_UNREACHABLE_CODE = YES;
				CLANG_WARN__DUPLICATE_METHOD_MATCH = YES;
				"CODE_SIGN_IDENTITY[sdk=iphoneos*]" = "iPhone Developer";
				COPY_PHASE_STRIP = NO;
				DEBUG_INFORMATION_FORMAT = dwarf;
				ENABLE_STRICT_OBJC_MSGSEND = YES;
				ENABLE_TESTABILITY = YES;
				GCC_C_LANGUAGE_STANDARD = gnu99;
				GCC_DYNAMIC_NO_PIC = NO;
				GCC_NO_COMMON_BLOCKS = YES;
				GCC_OPTIMIZATION_LEVEL = 0;
				GCC_PREPROCESSOR_DEFINITIONS = (
					"DEBUG=1",
					"$(inherited)",
				);
				GCC_WARN_64_TO_32_BIT_CONVERSION = YES;
				GCC_WARN_ABOUT_RETURN_TYPE = YES_ERROR;
				GCC_WARN_UNDECLARED_SELECTOR = YES;
				GCC_WARN_UNINITIALIZED_AUTOS = YES_AGGRESSIVE;
				GCC_WARN_UNUSED_FUNCTION = YES;
				GCC_WARN_UNUSED_VARIABLE = YES;
				IPHONEOS_DEPLOYMENT_TARGET = 10.2;
				MTL_ENABLE_DEBUG_INFO = YES;
				ONLY_ACTIVE_ARCH = YES;
				SDKROOT = iphoneos;
				SWIFT_ACTIVE_COMPILATION_CONDITIONS = DEBUG;
				SWIFT_OPTIMIZATION_LEVEL = "-Onone";
				TARGETED_DEVICE_FAMILY = "1,2";
			};
			name = Debug;
		};
		8407D4D61E7F67420001FE34 /* Release */ = {
			isa = XCBuildConfiguration;
			buildSettings = {
				ALWAYS_SEARCH_USER_PATHS = NO;
				CLANG_ANALYZER_NONNULL = YES;
				CLANG_CXX_LANGUAGE_STANDARD = "gnu++0x";
				CLANG_CXX_LIBRARY = "libc++";
				CLANG_ENABLE_MODULES = YES;
				CLANG_ENABLE_OBJC_ARC = YES;
				CLANG_WARN_BOOL_CONVERSION = YES;
				CLANG_WARN_CONSTANT_CONVERSION = YES;
				CLANG_WARN_DIRECT_OBJC_ISA_USAGE = YES_ERROR;
				CLANG_WARN_DOCUMENTATION_COMMENTS = YES;
				CLANG_WARN_EMPTY_BODY = YES;
				CLANG_WARN_ENUM_CONVERSION = YES;
				CLANG_WARN_INFINITE_RECURSION = YES;
				CLANG_WARN_INT_CONVERSION = YES;
				CLANG_WARN_OBJC_ROOT_CLASS = YES_ERROR;
				CLANG_WARN_SUSPICIOUS_MOVE = YES;
				CLANG_WARN_UNREACHABLE_CODE = YES;
				CLANG_WARN__DUPLICATE_METHOD_MATCH = YES;
				"CODE_SIGN_IDENTITY[sdk=iphoneos*]" = "iPhone Developer";
				COPY_PHASE_STRIP = NO;
				DEBUG_INFORMATION_FORMAT = "dwarf-with-dsym";
				ENABLE_NS_ASSERTIONS = NO;
				ENABLE_STRICT_OBJC_MSGSEND = YES;
				GCC_C_LANGUAGE_STANDARD = gnu99;
				GCC_NO_COMMON_BLOCKS = YES;
				GCC_WARN_64_TO_32_BIT_CONVERSION = YES;
				GCC_WARN_ABOUT_RETURN_TYPE = YES_ERROR;
				GCC_WARN_UNDECLARED_SELECTOR = YES;
				GCC_WARN_UNINITIALIZED_AUTOS = YES_AGGRESSIVE;
				GCC_WARN_UNUSED_FUNCTION = YES;
				GCC_WARN_UNUSED_VARIABLE = YES;
				IPHONEOS_DEPLOYMENT_TARGET = 10.2;
				MTL_ENABLE_DEBUG_INFO = NO;
				SDKROOT = iphoneos;
				SWIFT_OPTIMIZATION_LEVEL = "-Owholemodule";
				TARGETED_DEVICE_FAMILY = "1,2";
				VALIDATE_PRODUCT = YES;
			};
			name = Release;
		};
		8407D4D81E7F67420001FE34 /* Debug */ = {
			isa = XCBuildConfiguration;
			buildSettings = {
				ASSETCATALOG_COMPILER_APPICON_NAME = AppIcon;
				DEVELOPMENT_TEAM = ML78DUX4A6;
				INFOPLIST_FILE = GSDatePickerDemo/Info.plist;
				LD_RUNPATH_SEARCH_PATHS = "$(inherited) @executable_path/Frameworks";
				PRODUCT_BUNDLE_IDENTIFIER = GaoXinYuan.GSDatePickerDemo;
				PRODUCT_NAME = "$(TARGET_NAME)";
				SWIFT_VERSION = 3.0;
			};
			name = Debug;
		};
		8407D4D91E7F67420001FE34 /* Release */ = {
			isa = XCBuildConfiguration;
			buildSettings = {
				ASSETCATALOG_COMPILER_APPICON_NAME = AppIcon;
				DEVELOPMENT_TEAM = ML78DUX4A6;
				INFOPLIST_FILE = GSDatePickerDemo/Info.plist;
				LD_RUNPATH_SEARCH_PATHS = "$(inherited) @executable_path/Frameworks";
				PRODUCT_BUNDLE_IDENTIFIER = GaoXinYuan.GSDatePickerDemo;
				PRODUCT_NAME = "$(TARGET_NAME)";
				SWIFT_VERSION = 3.0;
			};
			name = Release;
		};
/* End XCBuildConfiguration section */

/* Begin XCConfigurationList section */
		8407D4C01E7F67410001FE34 /* Build configuration list for PBXProject "GSDatePickerDemo" */ = {
			isa = XCConfigurationList;
			buildConfigurations = (
				8407D4D51E7F67420001FE34 /* Debug */,
				8407D4D61E7F67420001FE34 /* Release */,
			);
			defaultConfigurationIsVisible = 0;
			defaultConfigurationName = Release;
		};
		8407D4D71E7F67420001FE34 /* Build configuration list for PBXNativeTarget "GSDatePickerDemo" */ = {
			isa = XCConfigurationList;
			buildConfigurations = (
				8407D4D81E7F67420001FE34 /* Debug */,
				8407D4D91E7F67420001FE34 /* Release */,
			);
			defaultConfigurationIsVisible = 0;
		};
/* End XCConfigurationList section */
	};
	rootObject = 8407D4BD1E7F67410001FE34 /* Project object */;
}
